
Microsoft Visual Studio Solution File, Format Version 12.00
# Visual Studio Version 17
VisualStudioVersion = 17.7.34031.279
MinimumVisualStudioVersion = 10.0.40219.1
Project("{FAE04EC0-301F-11D3-BF4B-00C04F79EFBC}") = "if2", "if2\if2.csproj", "{1EF83362-9EB3-4B1A-B62D-E37FA974CAAF}"
EndProject
Global
	GlobalSection(SolutionConfigurationPlatforms) = preSolution
		Debug|Any CPU = Debug|Any CPU
		Release|Any CPU = Release|Any CPU
	EndGlobalSection
	GlobalSection(ProjectConfigurationPlatforms) = postSolution
		{1EF83362-9EB3-4B1A-B62D-E37FA974CAAF}.Debug|Any CPU.ActiveCfg = Debug|Any CPU
		{1EF83362-9EB3-4B1A-B62D-E37FA974CAAF}.Debug|Any CPU.Build.0 = Debug|Any CPU
		{1EF83362-9EB3-4B1A-B62D-E37FA974CAAF}.Release|Any CPU.ActiveCfg = Release|Any CPU
		{1EF83362-9EB3-4B1A-B62D-E37FA974CAAF}.Release|Any CPU.Build.0 = Release|Any CPU
	EndGlobalSection
	GlobalSection(SolutionProperties) = preSolution
		HideSolutionNode = FALSE
	EndGlobalSection
	GlobalSection(ExtensibilityGlobals) = postSolution
		SolutionGuid = {64396837-BAEE-43DA-8067-3EA3D4C22097}
	EndGlobalSection
EndGlobal
